
Microsoft Visual Studio Solution File, Format Version 12.00
# Visual Studio 15
VisualStudioVersion = 15.0.28307.489
MinimumVisualStudioVersion = 10.0.40219.1
Project("{FAE04EC0-301F-11D3-BF4B-00C04F79EFBC}") = "EjercicioNro_02", "EjercicioNro_02\EjercicioNro_02.csproj", "{F9C45C71-A948-4FE2-8F55-3A1E0C6A28FF}"
EndProject
Project("{FAE04EC0-301F-11D3-BF4B-00C04F79EFBC}") = "EjercicioNro_01", "EjercicioNro_01\EjercicioNro_01.csproj", "{FD0462D8-9911-473D-9258-0995A77528D3}"
EndProject
Project("{FAE04EC0-301F-11D3-BF4B-00C04F79EFBC}") = "EjercicioNro_03", "EjercicioNro_03\EjercicioNro_03.csproj", "{6CD53B3D-2755-4102-82D2-3199EFFCDF39}"
EndProject
Project("{FAE04EC0-301F-11D3-BF4B-00C04F79EFBC}") = "EjercicioNro_04", "EjercicioNro_04\EjercicioNro_04.csproj", "{BB5462FE-EF5D-436A-9120-4EE9EF4015A3}"
EndProject
Project("{FAE04EC0-301F-11D3-BF4B-00C04F79EFBC}") = "EjercicioNro_05", "EjercicioNro_05\EjercicioNro_05.csproj", "{FDEACDFE-A792-499E-A870-BF9BA2D51AEB}"
EndProject
Project("{FAE04EC0-301F-11D3-BF4B-00C04F79EFBC}") = "Clase_02", "Clase_02\Clase_02.csproj", "{1CB5385F-B653-4778-BFC3-7428518470E0}"
EndProject
Project("{FAE04EC0-301F-11D3-BF4B-00C04F79EFBC}") = "EjercicioNro_06", "EjercicioNro_06\EjercicioNro_06.csproj", "{BB114313-8959-45E3-A364-639D5DE208C4}"
EndProject
Project("{FAE04EC0-301F-11D3-BF4B-00C04F79EFBC}") = "EjercicioNro_07", "EjercicioNro_07\EjercicioNro_07.csproj", "{7DA96ED2-599A-4BF9-8785-3E8B5C635FC5}"
EndProject
Project("{FAE04EC0-301F-11D3-BF4B-00C04F79EFBC}") = "EjercicioNro_08", "EjercicioNro_08\EjercicioNro_08.csproj", "{9750B501-96F5-4486-BA92-D65451023E3E}"
EndProject
Project("{FAE04EC0-301F-11D3-BF4B-00C04F79EFBC}") = "EjercicioNro_10", "EjercicioNro_10\EjercicioNro_10.csproj", "{9ACB6FB4-8A16-4926-A994-160870B5CF5D}"
EndProject
Project("{FAE04EC0-301F-11D3-BF4B-00C04F79EFBC}") = "EjercicioNro_09", "EjercicioNro_09\EjercicioNro_09.csproj", "{C892156F-94CA-4CBD-A029-1E2FF4A8E0CB}"
EndProject
Global
	GlobalSection(SolutionConfigurationPlatforms) = preSolution
		Debug|Any CPU = Debug|Any CPU
		Release|Any CPU = Release|Any CPU
	EndGlobalSection
	GlobalSection(ProjectConfigurationPlatforms) = postSolution
		{F9C45C71-A948-4FE2-8F55-3A1E0C6A28FF}.Debug|Any CPU.ActiveCfg = Debug|Any CPU
		{F9C45C71-A948-4FE2-8F55-3A1E0C6A28FF}.Debug|Any CPU.Build.0 = Debug|Any CPU
		{F9C45C71-A948-4FE2-8F55-3A1E0C6A28FF}.Release|Any CPU.ActiveCfg = Release|Any CPU
		{F9C45C71-A948-4FE2-8F55-3A1E0C6A28FF}.Release|Any CPU.Build.0 = Release|Any CPU
		{FD0462D8-9911-473D-9258-0995A77528D3}.Debug|Any CPU.ActiveCfg = Debug|Any CPU
		{FD0462D8-9911-473D-9258-0995A77528D3}.Debug|Any CPU.Build.0 = Debug|Any CPU
		{FD0462D8-9911-473D-9258-0995A77528D3}.Release|Any CPU.ActiveCfg = Release|Any CPU
		{FD0462D8-9911-473D-9258-0995A77528D3}.Release|Any CPU.Build.0 = Release|Any CPU
		{6CD53B3D-2755-4102-82D2-3199EFFCDF39}.Debug|Any CPU.ActiveCfg = Debug|Any CPU
		{6CD53B3D-2755-4102-82D2-3199EFFCDF39}.Debug|Any CPU.Build.0 = Debug|Any CPU
		{6CD53B3D-2755-4102-82D2-3199EFFCDF39}.Release|Any CPU.ActiveCfg = Release|Any CPU
		{6CD53B3D-2755-4102-82D2-3199EFFCDF39}.Release|Any CPU.Build.0 = Release|Any CPU
		{BB5462FE-EF5D-436A-9120-4EE9EF4015A3}.Debug|Any CPU.ActiveCfg = Debug|Any CPU
		{BB5462FE-EF5D-436A-9120-4EE9EF4015A3}.Debug|Any CPU.Build.0 = Debug|Any CPU
		{BB5462FE-EF5D-436A-9120-4EE9EF4015A3}.Release|Any CPU.ActiveCfg = Release|Any CPU
		{BB5462FE-EF5D-436A-9120-4EE9EF4015A3}.Release|Any CPU.Build.0 = Release|Any CPU
		{FDEACDFE-A792-499E-A870-BF9BA2D51AEB}.Debug|Any CPU.ActiveCfg = Debug|Any CPU
		{FDEACDFE-A792-499E-A870-BF9BA2D51AEB}.Debug|Any CPU.Build.0 = Debug|Any CPU
		{FDEACDFE-A792-499E-A870-BF9BA2D51AEB}.Release|Any CPU.ActiveCfg = Release|Any CPU
		{FDEACDFE-A792-499E-A870-BF9BA2D51AEB}.Release|Any CPU.Build.0 = Release|Any CPU
		{1CB5385F-B653-4778-BFC3-7428518470E0}.Debug|Any CPU.ActiveCfg = Debug|Any CPU
		{1CB5385F-B653-4778-BFC3-7428518470E0}.Debug|Any CPU.Build.0 = Debug|Any CPU
		{1CB5385F-B653-4778-BFC3-7428518470E0}.Release|Any CPU.ActiveCfg = Release|Any CPU
		{1CB5385F-B653-4778-BFC3-7428518470E0}.Release|Any CPU.Build.0 = Release|Any CPU
		{BB114313-8959-45E3-A364-639D5DE208C4}.Debug|Any CPU.ActiveCfg = Debug|Any CPU
		{BB114313-8959-45E3-A364-639D5DE208C4}.Debug|Any CPU.Build.0 = Debug|Any CPU
		{BB114313-8959-45E3-A364-639D5DE208C4}.Release|Any CPU.ActiveCfg = Release|Any CPU
		{BB114313-8959-45E3-A364-639D5DE208C4}.Release|Any CPU.Build.0 = Release|Any CPU
		{7DA96ED2-599A-4BF9-8785-3E8B5C635FC5}.Debug|Any CPU.ActiveCfg = Debug|Any CPU
		{7DA96ED2-599A-4BF9-8785-3E8B5C635FC5}.Debug|Any CPU.Build.0 = Debug|Any CPU
		{7DA96ED2-599A-4BF9-8785-3E8B5C635FC5}.Release|Any CPU.ActiveCfg = Release|Any CPU
		{7DA96ED2-599A-4BF9-8785-3E8B5C635FC5}.Release|Any CPU.Build.0 = Release|Any CPU
		{9750B501-96F5-4486-BA92-D65451023E3E}.Debug|Any CPU.ActiveCfg = Debug|Any CPU
		{9750B501-96F5-4486-BA92-D65451023E3E}.Debug|Any CPU.Build.0 = Debug|Any CPU
		{9750B501-96F5-4486-BA92-D65451023E3E}.Release|Any CPU.ActiveCfg = Release|Any CPU
		{9750B501-96F5-4486-BA92-D65451023E3E}.Release|Any CPU.Build.0 = Release|Any CPU
		{9ACB6FB4-8A16-4926-A994-160870B5CF5D}.Debug|Any CPU.ActiveCfg = Debug|Any CPU
		{9ACB6FB4-8A16-4926-A994-160870B5CF5D}.Debug|Any CPU.Build.0 = Debug|Any CPU
		{9ACB6FB4-8A16-4926-A994-160870B5CF5D}.Release|Any CPU.ActiveCfg = Release|Any CPU
		{9ACB6FB4-8A16-4926-A994-160870B5CF5D}.Release|Any CPU.Build.0 = Release|Any CPU
		{C892156F-94CA-4CBD-A029-1E2FF4A8E0CB}.Debug|Any CPU.ActiveCfg = Debug|Any CPU
		{C892156F-94CA-4CBD-A029-1E2FF4A8E0CB}.Debug|Any CPU.Build.0 = Debug|Any CPU
		{C892156F-94CA-4CBD-A029-1E2FF4A8E0CB}.Release|Any CPU.ActiveCfg = Release|Any CPU
		{C892156F-94CA-4CBD-A029-1E2FF4A8E0CB}.Release|Any CPU.Build.0 = Release|Any CPU
	EndGlobalSection
	GlobalSection(SolutionProperties) = preSolution
		HideSolutionNode = FALSE
	EndGlobalSection
	GlobalSection(ExtensibilityGlobals) = postSolution
		SolutionGuid = {B3D5FC66-9A60-46F0-A165-A4532C821C0B}
	EndGlobalSection
EndGlobal
